{
  "name": "ajs_2_clone",
  "version": "1.0.0",
  "lockfileVersion": 1,
  "requires": true,
  "dependencies": {
    "@olgamartinikhina/ajs_2": {
      "version": "1.0.0",
      "resolved": "https://npm.pkg.github.com/download/@olgamartinikhina/ajs_2/1.0.0/722e2cc3aaf66f67f2eb44d50cd0d92a2196d190c8b28fd08a94ee0411a5adf5",
      "integrity": "sha512-Bcf3fCZMIJXNbl9PZzae+dgmqxUKEhpyGf6yvVr7TIGBi0ts6/iMI6KvvTxcfzQDZF9l7+o+RB67LR+YskPAfg=="
    }
  }
}
